
Microsoft Visual Studio Solution File, Format Version 12.00
# Visual Studio Version 16
VisualStudioVersion = 16.0.30804.86
MinimumVisualStudioVersion = 10.0.40219.1
Project("{9A19103F-16F7-4668-BE54-9A1E7A4F7556}") = "FurniParser", "FurniParser.csproj", "{309A0283-25FE-438F-B96B-FC9D36FE6F7A}"
EndProject
Global
	GlobalSection(SolutionConfigurationPlatforms) = preSolution
		Debug|Any CPU = Debug|Any CPU
		Release|Any CPU = Release|Any CPU
	EndGlobalSection
	GlobalSection(ProjectConfigurationPlatforms) = postSolution
		{309A0283-25FE-438F-B96B-FC9D36FE6F7A}.Debug|Any CPU.ActiveCfg = Debug|Any CPU
		{309A0283-25FE-438F-B96B-FC9D36FE6F7A}.Debug|Any CPU.Build.0 = Debug|Any CPU
		{309A0283-25FE-438F-B96B-FC9D36FE6F7A}.Release|Any CPU.ActiveCfg = Release|Any CPU
		{309A0283-25FE-438F-B96B-FC9D36FE6F7A}.Release|Any CPU.Build.0 = Release|Any CPU
	EndGlobalSection
	GlobalSection(SolutionProperties) = preSolution
		HideSolutionNode = FALSE
	EndGlobalSection
	GlobalSection(ExtensibilityGlobals) = postSolution
		SolutionGuid = {710C67E6-3A86-40D5-8183-EF425F00B3A7}
	EndGlobalSection
EndGlobal
